
Microsoft Visual Studio Solution File, Format Version 12.00
# Visual Studio 15
VisualStudioVersion = 15.0.27130.2036
MinimumVisualStudioVersion = 10.0.40219.1
Project("{FAE04EC0-301F-11D3-BF4B-00C04F79EFBC}") = "LogViewer", "LogViewer\LogViewer.csproj", "{24E8E9BE-8782-4320-8EE9-591B9A6F8C1A}"
EndProject
Global
	GlobalSection(SolutionConfigurationPlatforms) = preSolution
		Debug|Any CPU = Debug|Any CPU
		Release|Any CPU = Release|Any CPU
	EndGlobalSection
	GlobalSection(ProjectConfigurationPlatforms) = postSolution
		{24E8E9BE-8782-4320-8EE9-591B9A6F8C1A}.Debug|Any CPU.ActiveCfg = Debug|Any CPU
		{24E8E9BE-8782-4320-8EE9-591B9A6F8C1A}.Debug|Any CPU.Build.0 = Debug|Any CPU
		{24E8E9BE-8782-4320-8EE9-591B9A6F8C1A}.Release|Any CPU.ActiveCfg = Release|Any CPU
		{24E8E9BE-8782-4320-8EE9-591B9A6F8C1A}.Release|Any CPU.Build.0 = Release|Any CPU
	EndGlobalSection
	GlobalSection(SolutionProperties) = preSolution
		HideSolutionNode = FALSE
	EndGlobalSection
	GlobalSection(ExtensibilityGlobals) = postSolution
		SolutionGuid = {0B5F764B-BC47-46DB-ACA8-2E3C6539BFCF}
	EndGlobalSection
EndGlobal
